// !$*UTF8*$!
{
	archiveVersion = 1;
	classes = {
	};
	objectVersion = 46;
	objects = {

/* Begin PBXBuildFile section */
		22E60D6716C0041700C988C9 /* Cocoa.framework in Frameworks */ = {isa = PBXBuildFile; fileRef = 22E60D6616C0041700C988C9 /* Cocoa.framework */; };
		22E60D8516C0041700C988C9 /* SenTestingKit.framework in Frameworks */ = {isa = PBXBuildFile; fileRef = 22E60D8416C0041700C988C9 /* SenTestingKit.framework */; };
		22E60D8616C0041700C988C9 /* Cocoa.framework in Frameworks */ = {isa = PBXBuildFile; fileRef = 22E60D6616C0041700C988C9 /* Cocoa.framework */; };
		22E60D8E16C0041700C988C9 /* InfoPlist.strings in Resources */ = {isa = PBXBuildFile; fileRef = 22E60D8C16C0041700C988C9 /* InfoPlist.strings */; };
		22E60D9116C0041700C988C9 /* ECPreferencesWindowExampleTests.m in Sources */ = {isa = PBXBuildFile; fileRef = 22E60D9016C0041700C988C9 /* ECPreferencesWindowExampleTests.m */; };
		22E60DA516C0054D00C988C9 /* AppDelegate.m in Sources */ = {isa = PBXBuildFile; fileRef = 22E60D9C16C0054D00C988C9 /* AppDelegate.m */; };
		22E60DA616C0054D00C988C9 /* Debug.xcconfig in Resources */ = {isa = PBXBuildFile; fileRef = 22E60D9E16C0054D00C988C9 /* Debug.xcconfig */; };
		22E60DA716C0054D00C988C9 /* Release.xcconfig in Resources */ = {isa = PBXBuildFile; fileRef = 22E60D9F16C0054D00C988C9 /* Release.xcconfig */; };
		22E60DA816C0054D00C988C9 /* main.m in Sources */ = {isa = PBXBuildFile; fileRef = 22E60DA016C0054D00C988C9 /* main.m */; };
		22E60DB216C0055D00C988C9 /* Credits.rtf in Resources */ = {isa = PBXBuildFile; fileRef = 22E60DAB16C0055D00C988C9 /* Credits.rtf */; };
		22E60DB316C0055D00C988C9 /* InfoPlist.strings in Resources */ = {isa = PBXBuildFile; fileRef = 22E60DAD16C0055D00C988C9 /* InfoPlist.strings */; };
		22E60DB416C0055D00C988C9 /* MainMenu.xib in Resources */ = {isa = PBXBuildFile; fileRef = 22E60DAF16C0055D00C988C9 /* MainMenu.xib */; };
		22E60DBB16C006D100C988C9 /* ECConfig.framework in Frameworks */ = {isa = PBXBuildFile; fileRef = 22E60DB716C006D100C988C9 /* ECConfig.framework */; };
		22E60DBC16C006D100C988C9 /* ECCore.framework in Frameworks */ = {isa = PBXBuildFile; fileRef = 22E60DB816C006D100C988C9 /* ECCore.framework */; };
		22E60DBD16C006D100C988C9 /* ECLogging.framework in Frameworks */ = {isa = PBXBuildFile; fileRef = 22E60DB916C006D100C988C9 /* ECLogging.framework */; };
		22E60DBE16C006D100C988C9 /* ECPreferencesWindow.framework in Frameworks */ = {isa = PBXBuildFile; fileRef = 22E60DBA16C006D100C988C9 /* ECPreferencesWindow.framework */; };
		22E60DC016C006FC00C988C9 /* ECConfig.framework in CopyFiles */ = {isa = PBXBuildFile; fileRef = 22E60DB716C006D100C988C9 /* ECConfig.framework */; };
		22E60DC116C006FF00C988C9 /* ECCore.framework in CopyFiles */ = {isa = PBXBuildFile; fileRef = 22E60DB816C006D100C988C9 /* ECCore.framework */; };
		22E60DC216C0070100C988C9 /* ECLogging.framework in CopyFiles */ = {isa = PBXBuildFile; fileRef = 22E60DB916C006D100C988C9 /* ECLogging.framework */; };
		22E60DC316C0070400C988C9 /* ECPreferencesWindow.framework in CopyFiles */ = {isa = PBXBuildFile; fileRef = 22E60DBA16C006D100C988C9 /* ECPreferencesWindow.framework */; };
		22E60DC816C0104F00C988C9 /* BuiltInPane.m in Sources */ = {isa = PBXBuildFile; fileRef = 22E60DC716C0104E00C988C9 /* BuiltInPane.m */; };
		22E60DCE16C0218C00C988C9 /* ECLogging.plist in Resources */ = {isa = PBXBuildFile; fileRef = 22E60DCC16C0218C00C988C9 /* ECLogging.plist */; };
		22E60DCF16C0218C00C988C9 /* ECLoggingDebug.plist in Resources */ = {isa = PBXBuildFile; fileRef = 22E60DCD16C0218C00C988C9 /* ECLoggingDebug.plist */; };
		22E60DD116C02E5900C988C9 /* BuiltInPane.xib in Resources */ = {isa = PBXBuildFile; fileRef = 22E60DD016C02E5900C988C9 /* BuiltInPane.xib */; };
		22E60DD316C037DE00C988C9 /* BuiltInPane.tiff in Resources */ = {isa = PBXBuildFile; fileRef = 22E60DD216C037DE00C988C9 /* BuiltInPane.tiff */; };
		22E60DD616C03B6700C988C9 /* AnotherPane.tiff in Resources */ = {isa = PBXBuildFile; fileRef = 22E60DD416C03B6600C988C9 /* AnotherPane.tiff */; };
		22E60DD716C03B6700C988C9 /* AnotherPane.xib in Resources */ = {isa = PBXBuildFile; fileRef = 22E60DD516C03B6600C988C9 /* AnotherPane.xib */; };
		22E60DDA16C03B7900C988C9 /* AnotherPane.m in Sources */ = {isa = PBXBuildFile; fileRef = 22E60DD916C03B7900C988C9 /* AnotherPane.m */; };
		22E60DE016C1218000C988C9 /* Cocoa.framework in Frameworks */ = {isa = PBXBuildFile; fileRef = 22E60D6616C0041700C988C9 /* Cocoa.framework */; };
		22E60DED16C121C800C988C9 /* BundleDebug.xcconfig in Resources */ = {isa = PBXBuildFile; fileRef = 22E60DEB16C121C700C988C9 /* BundleDebug.xcconfig */; };
		22E60DEE16C121C800C988C9 /* BundleRelease.xcconfig in Resources */ = {isa = PBXBuildFile; fileRef = 22E60DEC16C121C700C988C9 /* BundleRelease.xcconfig */; };
		22E60DF516C1237B00C988C9 /* ExampleBundle.m in Sources */ = {isa = PBXBuildFile; fileRef = 22E60DF416C1237A00C988C9 /* ExampleBundle.m */; };
		22E60DF916C1251E00C988C9 /* BundledPane.m in Sources */ = {isa = PBXBuildFile; fileRef = 22E60DF816C1251C00C988C9 /* BundledPane.m */; };
		22E60DFA16C128F200C988C9 /* ECConfig.framework in Frameworks */ = {isa = PBXBuildFile; fileRef = 22E60DB716C006D100C988C9 /* ECConfig.framework */; };
		22E60DFB16C128F200C988C9 /* ECCore.framework in Frameworks */ = {isa = PBXBuildFile; fileRef = 22E60DB816C006D100C988C9 /* ECCore.framework */; };
		22E60DFC16C128F200C988C9 /* ECLogging.framework in Frameworks */ = {isa = PBXBuildFile; fileRef = 22E60DB916C006D100C988C9 /* ECLogging.framework */; };
		22E60DFD16C128F200C988C9 /* ECPreferencesWindow.framework in Frameworks */ = {isa = PBXBuildFile; fileRef = 22E60DBA16C006D100C988C9 /* ECPreferencesWindow.framework */; };
		22E60E0116C129F200C988C9 /* ExampleBundle.preferences in CopyFiles */ = {isa = PBXBuildFile; fileRef = 22E60DDF16C1218000C988C9 /* ExampleBundle.preferences */; };
		22E60E0416C12E8000C988C9 /* BundledPane.tiff in Resources */ = {isa = PBXBuildFile; fileRef = 22E60E0216C12E8000C988C9 /* BundledPane.tiff */; };
		22E60E0516C12E8000C988C9 /* BundledPane.xib in Resources */ = {isa = PBXBuildFile; fileRef = 22E60E0316C12E8000C988C9 /* BundledPane.xib */; };
/* End PBXBuildFile section */

/* Begin PBXContainerItemProxy section */
		22E60D8716C0041700C988C9 /* PBXContainerItemProxy */ = {
			isa = PBXContainerItemProxy;
			containerPortal = 22E60D5B16C0041700C988C9 /* Project object */;
			proxyType = 1;
			remoteGlobalIDString = 22E60D6216C0041700C988C9;
			remoteInfo = ECPreferencesWindowExample;
		};
		22E60DFE16C1298600C988C9 /* PBXContainerItemProxy */ = {
			isa = PBXContainerItemProxy;
			containerPortal = 22E60D5B16C0041700C988C9 /* Project object */;
			proxyType = 1;
			remoteGlobalIDString = 22E60DDE16C1218000C988C9;
			remoteInfo = ECPreferencesWindowPluginExample;
		};
/* End PBXContainerItemProxy section */

/* Begin PBXCopyFilesBuildPhase section */
		22E60DBF16C006DD00C988C9 /* CopyFiles */ = {
			isa = PBXCopyFilesBuildPhase;
			buildActionMask = 2147483647;
			dstPath = "";
			dstSubfolderSpec = 10;
			files = (
				22E60DC016C006FC00C988C9 /* ECConfig.framework in CopyFiles */,
				22E60DC116C006FF00C988C9 /* ECCore.framework in CopyFiles */,
				22E60DC316C0070400C988C9 /* ECPreferencesWindow.framework in CopyFiles */,
				22E60DC216C0070100C988C9 /* ECLogging.framework in CopyFiles */,
			);
			runOnlyForDeploymentPostprocessing = 0;
		};
		22E60E0016C129DC00C988C9 /* CopyFiles */ = {
			isa = PBXCopyFilesBuildPhase;
			buildActionMask = 2147483647;
			dstPath = "";
			dstSubfolderSpec = 13;
			files = (
				22E60E0116C129F200C988C9 /* ExampleBundle.preferences in CopyFiles */,
			);
			runOnlyForDeploymentPostprocessing = 0;
		};
/* End PBXCopyFilesBuildPhase section */

/* Begin PBXFileReference section */
		22E60D6316C0041700C988C9 /* ECPreferencesWindowExample.app */ = {isa = PBXFileReference; explicitFileType = wrapper.application; includeInIndex = 0; name = ECPreferencesWindowExample.app; path = Application.app; sourceTree = BUILT_PRODUCTS_DIR; };
		22E60D6616C0041700C988C9 /* Cocoa.framework */ = {isa = PBXFileReference; lastKnownFileType = wrapper.framework; name = Cocoa.framework; path = System/Library/Frameworks/Cocoa.framework; sourceTree = SDKROOT; };
		22E60D6916C0041700C988C9 /* AppKit.framework */ = {isa = PBXFileReference; lastKnownFileType = wrapper.framework; name = AppKit.framework; path = System/Library/Frameworks/AppKit.framework; sourceTree = SDKROOT; };
		22E60D6A16C0041700C988C9 /* CoreData.framework */ = {isa = PBXFileReference; lastKnownFileType = wrapper.framework; name = CoreData.framework; path = System/Library/Frameworks/CoreData.framework; sourceTree = SDKROOT; };
		22E60D6B16C0041700C988C9 /* Foundation.framework */ = {isa = PBXFileReference; lastKnownFileType = wrapper.framework; name = Foundation.framework; path = System/Library/Frameworks/Foundation.framework; sourceTree = SDKROOT; };
		22E60D8316C0041700C988C9 /* ECPreferencesWindowExampleTests.octest */ = {isa = PBXFileReference; explicitFileType = wrapper.cfbundle; includeInIndex = 0; name = ECPreferencesWindowExampleTests.octest; path = Tests.octest; sourceTree = BUILT_PRODUCTS_DIR; };
		22E60D8416C0041700C988C9 /* SenTestingKit.framework */ = {isa = PBXFileReference; lastKnownFileType = wrapper.framework; name = SenTestingKit.framework; path = Library/Frameworks/SenTestingKit.framework; sourceTree = DEVELOPER_DIR; };
		22E60D8B16C0041700C988C9 /* ECPreferencesWindowExampleTests-Info.plist */ = {isa = PBXFileReference; lastKnownFileType = text.plist.xml; path = "ECPreferencesWindowExampleTests-Info.plist"; sourceTree = "<group>"; };
		22E60D8D16C0041700C988C9 /* en */ = {isa = PBXFileReference; lastKnownFileType = text.plist.strings; name = en; path = en.lproj/InfoPlist.strings; sourceTree = "<group>"; };
		22E60D8F16C0041700C988C9 /* ECPreferencesWindowExampleTests.h */ = {isa = PBXFileReference; lastKnownFileType = sourcecode.c.h; path = ECPreferencesWindowExampleTests.h; sourceTree = "<group>"; };
		22E60D9016C0041700C988C9 /* ECPreferencesWindowExampleTests.m */ = {isa = PBXFileReference; lastKnownFileType = sourcecode.c.objc; path = ECPreferencesWindowExampleTests.m; sourceTree = "<group>"; };
		22E60D9B16C0054D00C988C9 /* AppDelegate.h */ = {isa = PBXFileReference; fileEncoding = 4; lastKnownFileType = sourcecode.c.h; path = AppDelegate.h; sourceTree = "<group>"; };
		22E60D9C16C0054D00C988C9 /* AppDelegate.m */ = {isa = PBXFileReference; fileEncoding = 4; lastKnownFileType = sourcecode.c.objc; path = AppDelegate.m; sourceTree = "<group>"; };
		22E60D9E16C0054D00C988C9 /* Debug.xcconfig */ = {isa = PBXFileReference; fileEncoding = 4; lastKnownFileType = text.xcconfig; path = Debug.xcconfig; sourceTree = "<group>"; };
		22E60D9F16C0054D00C988C9 /* Release.xcconfig */ = {isa = PBXFileReference; fileEncoding = 4; lastKnownFileType = text.xcconfig; path = Release.xcconfig; sourceTree = "<group>"; };
		22E60DA016C0054D00C988C9 /* main.m */ = {isa = PBXFileReference; fileEncoding = 4; lastKnownFileType = sourcecode.c.objc; path = main.m; sourceTree = "<group>"; };
		22E60DA216C0054D00C988C9 /* ECPreferencesWindowExampleDebug.pch */ = {isa = PBXFileReference; fileEncoding = 4; lastKnownFileType = sourcecode.c.h; path = ECPreferencesWindowExampleDebug.pch; sourceTree = "<group>"; };
		22E60DA316C0054D00C988C9 /* ECPreferencesWindowExampleRelease.pch */ = {isa = PBXFileReference; fileEncoding = 4; lastKnownFileType = sourcecode.c.h; path = ECPreferencesWindowExampleRelease.pch; sourceTree = "<group>"; };
		22E60DA416C0054D00C988C9 /* ECPreferencesWindowExampleShared.pch */ = {isa = PBXFileReference; fileEncoding = 4; lastKnownFileType = sourcecode.c.h; path = ECPreferencesWindowExampleShared.pch; sourceTree = "<group>"; };
		22E60DAA16C0055D00C988C9 /* Info.plist */ = {isa = PBXFileReference; fileEncoding = 4; lastKnownFileType = text.plist.xml; path = Info.plist; sourceTree = "<group>"; };
		22E60DAC16C0055D00C988C9 /* en */ = {isa = PBXFileReference; lastKnownFileType = text.rtf; name = en; path = en.lproj/Credits.rtf; sourceTree = "<group>"; };
		22E60DAE16C0055D00C988C9 /* en */ = {isa = PBXFileReference; lastKnownFileType = text.plist.strings; name = en; path = en.lproj/InfoPlist.strings; sourceTree = "<group>"; };
		22E60DB016C0055D00C988C9 /* en */ = {isa = PBXFileReference; lastKnownFileType = file.xib; name = en; path = en.lproj/MainMenu.xib; sourceTree = "<group>"; };
		22E60DB716C006D100C988C9 /* ECConfig.framework */ = {isa = PBXFileReference; lastKnownFileType = wrapper.framework; name = ECConfig.framework; path = "/Caches/DerivedData/ECIntegration-fbajcwyruhnhxzgnphlhxaexutkp/Build/Products/Debug/ECConfig.framework"; sourceTree = "<absolute>"; };
		22E60DB816C006D100C988C9 /* ECCore.framework */ = {isa = PBXFileReference; lastKnownFileType = wrapper.framework; name = ECCore.framework; path = "/Caches/DerivedData/ECIntegration-fbajcwyruhnhxzgnphlhxaexutkp/Build/Products/Debug/ECCore.framework"; sourceTree = "<absolute>"; };
		22E60DB916C006D100C988C9 /* ECLogging.framework */ = {isa = PBXFileReference; lastKnownFileType = wrapper.framework; name = ECLogging.framework; path = "/Caches/DerivedData/ECIntegration-fbajcwyruhnhxzgnphlhxaexutkp/Build/Products/Debug/ECLogging.framework"; sourceTree = "<absolute>"; };
		22E60DBA16C006D100C988C9 /* ECPreferencesWindow.framework */ = {isa = PBXFileReference; lastKnownFileType = wrapper.framework; name = ECPreferencesWindow.framework; path = "/Caches/DerivedData/ECIntegration-fbajcwyruhnhxzgnphlhxaexutkp/Build/Products/Debug/ECPreferencesWindow.framework"; sourceTree = "<absolute>"; };
		22E60DC616C0104E00C988C9 /* BuiltInPane.h */ = {isa = PBXFileReference; fileEncoding = 4; lastKnownFileType = sourcecode.c.h; path = BuiltInPane.h; sourceTree = "<group>"; };
		22E60DC716C0104E00C988C9 /* BuiltInPane.m */ = {isa = PBXFileReference; fileEncoding = 4; lastKnownFileType = sourcecode.c.objc; path = BuiltInPane.m; sourceTree = "<group>"; };
		22E60DCC16C0218C00C988C9 /* ECLogging.plist */ = {isa = PBXFileReference; fileEncoding = 4; lastKnownFileType = text.plist.xml; path = ECLogging.plist; sourceTree = "<group>"; };
		22E60DCD16C0218C00C988C9 /* ECLoggingDebug.plist */ = {isa = PBXFileReference; fileEncoding = 4; lastKnownFileType = text.plist.xml; path = ECLoggingDebug.plist; sourceTree = "<group>"; };
		22E60DD016C02E5900C988C9 /* BuiltInPane.xib */ = {isa = PBXFileReference; fileEncoding = 4; lastKnownFileType = file.xib; path = BuiltInPane.xib; sourceTree = "<group>"; };
		22E60DD216C037DE00C988C9 /* BuiltInPane.tiff */ = {isa = PBXFileReference; lastKnownFileType = image.tiff; path = BuiltInPane.tiff; sourceTree = "<group>"; };
		22E60DD416C03B6600C988C9 /* AnotherPane.tiff */ = {isa = PBXFileReference; lastKnownFileType = image.tiff; path = AnotherPane.tiff; sourceTree = "<group>"; };
		22E60DD516C03B6600C988C9 /* AnotherPane.xib */ = {isa = PBXFileReference; fileEncoding = 4; lastKnownFileType = file.xib; path = AnotherPane.xib; sourceTree = "<group>"; };
		22E60DD816C03B7800C988C9 /* AnotherPane.h */ = {isa = PBXFileReference; fileEncoding = 4; lastKnownFileType = sourcecode.c.h; path = AnotherPane.h; sourceTree = "<group>"; };
		22E60DD916C03B7900C988C9 /* AnotherPane.m */ = {isa = PBXFileReference; fileEncoding = 4; lastKnownFileType = sourcecode.c.objc; path = AnotherPane.m; sourceTree = "<group>"; };
		22E60DDF16C1218000C988C9 /* ExampleBundle.preferences */ = {isa = PBXFileReference; explicitFileType = wrapper.cfbundle; includeInIndex = 0; path = ExampleBundle.preferences; sourceTree = BUILT_PRODUCTS_DIR; };
		22E60DEB16C121C700C988C9 /* BundleDebug.xcconfig */ = {isa = PBXFileReference; fileEncoding = 4; lastKnownFileType = text.xcconfig; path = BundleDebug.xcconfig; sourceTree = "<group>"; };
		22E60DEC16C121C700C988C9 /* BundleRelease.xcconfig */ = {isa = PBXFileReference; fileEncoding = 4; lastKnownFileType = text.xcconfig; path = BundleRelease.xcconfig; sourceTree = "<group>"; };
		22E60DF116C1231100C988C9 /* Bundle.plist */ = {isa = PBXFileReference; fileEncoding = 4; lastKnownFileType = text.plist.xml; path = Bundle.plist; sourceTree = "<group>"; };
		22E60DF316C1237A00C988C9 /* ExampleBundle.h */ = {isa = PBXFileReference; fileEncoding = 4; lastKnownFileType = sourcecode.c.h; path = ExampleBundle.h; sourceTree = "<group>"; };
		22E60DF416C1237A00C988C9 /* ExampleBundle.m */ = {isa = PBXFileReference; fileEncoding = 4; lastKnownFileType = sourcecode.c.objc; path = ExampleBundle.m; sourceTree = "<group>"; };
		22E60DF716C1251C00C988C9 /* BundledPane.h */ = {isa = PBXFileReference; fileEncoding = 4; lastKnownFileType = sourcecode.c.h; path = BundledPane.h; sourceTree = "<group>"; };
		22E60DF816C1251C00C988C9 /* BundledPane.m */ = {isa = PBXFileReference; fileEncoding = 4; lastKnownFileType = sourcecode.c.objc; path = BundledPane.m; sourceTree = "<group>"; };
		22E60E0216C12E8000C988C9 /* BundledPane.tiff */ = {isa = PBXFileReference; lastKnownFileType = image.tiff; path = BundledPane.tiff; sourceTree = "<group>"; };
		22E60E0316C12E8000C988C9 /* BundledPane.xib */ = {isa = PBXFileReference; fileEncoding = 4; lastKnownFileType = file.xib; path = BundledPane.xib; sourceTree = "<group>"; };
/* End PBXFileReference section */

/* Begin PBXFrameworksBuildPhase section */
		22E60D6016C0041700C988C9 /* Frameworks */ = {
			isa = PBXFrameworksBuildPhase;
			buildActionMask = 2147483647;
			files = (
				22E60DBB16C006D100C988C9 /* ECConfig.framework in Frameworks */,
				22E60DBC16C006D100C988C9 /* ECCore.framework in Frameworks */,
				22E60DBD16C006D100C988C9 /* ECLogging.framework in Frameworks */,
				22E60DBE16C006D100C988C9 /* ECPreferencesWindow.framework in Frameworks */,
				22E60D6716C0041700C988C9 /* Cocoa.framework in Frameworks */,
			);
			runOnlyForDeploymentPostprocessing = 0;
		};
		22E60D7F16C0041700C988C9 /* Frameworks */ = {
			isa = PBXFrameworksBuildPhase;
			buildActionMask = 2147483647;
			files = (
				22E60D8516C0041700C988C9 /* SenTestingKit.framework in Frameworks */,
				22E60D8616C0041700C988C9 /* Cocoa.framework in Frameworks */,
			);
			runOnlyForDeploymentPostprocessing = 0;
		};
		22E60DDC16C1218000C988C9 /* Frameworks */ = {
			isa = PBXFrameworksBuildPhase;
			buildActionMask = 2147483647;
			files = (
				22E60DE016C1218000C988C9 /* Cocoa.framework in Frameworks */,
				22E60DFA16C128F200C988C9 /* ECConfig.framework in Frameworks */,
				22E60DFB16C128F200C988C9 /* ECCore.framework in Frameworks */,
				22E60DFC16C128F200C988C9 /* ECLogging.framework in Frameworks */,
				22E60DFD16C128F200C988C9 /* ECPreferencesWindow.framework in Frameworks */,
			);
			runOnlyForDeploymentPostprocessing = 0;
		};
/* End PBXFrameworksBuildPhase section */

/* Begin PBXGroup section */
		22E60D5A16C0041700C988C9 = {
			isa = PBXGroup;
			children = (
				22E60D9A16C0054D00C988C9 /* Source */,
				22E60DA916C0055D00C988C9 /* Resources */,
				22E60D8916C0041700C988C9 /* Tests */,
				22E60D6516C0041700C988C9 /* Frameworks */,
				22E60D6416C0041700C988C9 /* Products */,
			);
			sourceTree = "<group>";
		};
		22E60D6416C0041700C988C9 /* Products */ = {
			isa = PBXGroup;
			children = (
				22E60D6316C0041700C988C9 /* ECPreferencesWindowExample.app */,
				22E60D8316C0041700C988C9 /* ECPreferencesWindowExampleTests.octest */,
				22E60DDF16C1218000C988C9 /* ExampleBundle.preferences */,
			);
			name = Products;
			sourceTree = "<group>";
		};
		22E60D6516C0041700C988C9 /* Frameworks */ = {
			isa = PBXGroup;
			children = (
				22E60DB716C006D100C988C9 /* ECConfig.framework */,
				22E60DB816C006D100C988C9 /* ECCore.framework */,
				22E60DB916C006D100C988C9 /* ECLogging.framework */,
				22E60DBA16C006D100C988C9 /* ECPreferencesWindow.framework */,
				22E60D6616C0041700C988C9 /* Cocoa.framework */,
				22E60D8416C0041700C988C9 /* SenTestingKit.framework */,
				22E60D6816C0041700C988C9 /* Other Frameworks */,
			);
			name = Frameworks;
			sourceTree = "<group>";
		};
		22E60D6816C0041700C988C9 /* Other Frameworks */ = {
			isa = PBXGroup;
			children = (
				22E60D6916C0041700C988C9 /* AppKit.framework */,
				22E60D6A16C0041700C988C9 /* CoreData.framework */,
				22E60D6B16C0041700C988C9 /* Foundation.framework */,
			);
			name = "Other Frameworks";
			sourceTree = "<group>";
		};
		22E60D8916C0041700C988C9 /* Tests */ = {
			isa = PBXGroup;
			children = (
				22E60D8F16C0041700C988C9 /* ECPreferencesWindowExampleTests.h */,
				22E60D9016C0041700C988C9 /* ECPreferencesWindowExampleTests.m */,
				22E60D8A16C0041700C988C9 /* Supporting Files */,
			);
			path = Tests;
			sourceTree = "<group>";
		};
		22E60D8A16C0041700C988C9 /* Supporting Files */ = {
			isa = PBXGroup;
			children = (
				22E60D8B16C0041700C988C9 /* ECPreferencesWindowExampleTests-Info.plist */,
				22E60D8C16C0041700C988C9 /* InfoPlist.strings */,
			);
			name = "Supporting Files";
			sourceTree = "<group>";
		};
		22E60D9A16C0054D00C988C9 /* Source */ = {
			isa = PBXGroup;
			children = (
				22E60D9B16C0054D00C988C9 /* AppDelegate.h */,
				22E60D9C16C0054D00C988C9 /* AppDelegate.m */,
				22E60DD816C03B7800C988C9 /* AnotherPane.h */,
				22E60DD916C03B7900C988C9 /* AnotherPane.m */,
				22E60DC616C0104E00C988C9 /* BuiltInPane.h */,
				22E60DC716C0104E00C988C9 /* BuiltInPane.m */,
				22E60DF316C1237A00C988C9 /* ExampleBundle.h */,
				22E60DF416C1237A00C988C9 /* ExampleBundle.m */,
				22E60DF716C1251C00C988C9 /* BundledPane.h */,
				22E60DF816C1251C00C988C9 /* BundledPane.m */,
				22E60D9D16C0054D00C988C9 /* Configuration */,
				22E60DA016C0054D00C988C9 /* main.m */,
				22E60DA116C0054D00C988C9 /* Prefix */,
			);
			path = Source;
			sourceTree = "<group>";
		};
		22E60D9D16C0054D00C988C9 /* Configuration */ = {
			isa = PBXGroup;
			children = (
				22E60D9E16C0054D00C988C9 /* Debug.xcconfig */,
				22E60D9F16C0054D00C988C9 /* Release.xcconfig */,
				22E60DEB16C121C700C988C9 /* BundleDebug.xcconfig */,
				22E60DEC16C121C700C988C9 /* BundleRelease.xcconfig */,
			);
			path = Configuration;
			sourceTree = "<group>";
		};
		22E60DA116C0054D00C988C9 /* Prefix */ = {
			isa = PBXGroup;
			children = (
				22E60DA216C0054D00C988C9 /* ECPreferencesWindowExampleDebug.pch */,
				22E60DA316C0054D00C988C9 /* ECPreferencesWindowExampleRelease.pch */,
				22E60DA416C0054D00C988C9 /* ECPreferencesWindowExampleShared.pch */,
			);
			path = Prefix;
			sourceTree = "<group>";
		};
		22E60DA916C0055D00C988C9 /* Resources */ = {
			isa = PBXGroup;
			children = (
				22E60E0C16C1445800C988C9 /* BuiltInPane */,
				22E60E0B16C1444C00C988C9 /* AnotherPane */,
				22E60E0A16C1443D00C988C9 /* BundledPane */,
				22E60DAA16C0055D00C988C9 /* Info.plist */,
				22E60DCC16C0218C00C988C9 /* ECLogging.plist */,
				22E60DCD16C0218C00C988C9 /* ECLoggingDebug.plist */,
				22E60DAB16C0055D00C988C9 /* Credits.rtf */,
				22E60DAD16C0055D00C988C9 /* InfoPlist.strings */,
				22E60DAF16C0055D00C988C9 /* MainMenu.xib */,
			);
			path = Resources;
			sourceTree = "<group>";
		};
		22E60E0A16C1443D00C988C9 /* BundledPane */ = {
			isa = PBXGroup;
			children = (
				22E60E0216C12E8000C988C9 /* BundledPane.tiff */,
				22E60E0316C12E8000C988C9 /* BundledPane.xib */,
				22E60DF116C1231100C988C9 /* Bundle.plist */,
			);
			name = BundledPane;
			sourceTree = "<group>";
		};
		22E60E0B16C1444C00C988C9 /* AnotherPane */ = {
			isa = PBXGroup;
			children = (
				22E60DD416C03B6600C988C9 /* AnotherPane.tiff */,
				22E60DD516C03B6600C988C9 /* AnotherPane.xib */,
			);
			name = AnotherPane;
			sourceTree = "<group>";
		};
		22E60E0C16C1445800C988C9 /* BuiltInPane */ = {
			isa = PBXGroup;
			children = (
				22E60DD016C02E5900C988C9 /* BuiltInPane.xib */,
				22E60DD216C037DE00C988C9 /* BuiltInPane.tiff */,
			);
			name = BuiltInPane;
			sourceTree = "<group>";
		};
/* End PBXGroup section */

/* Begin PBXNativeTarget section */
		22E60D6216C0041700C988C9 /* Application */ = {
			isa = PBXNativeTarget;
			buildConfigurationList = 22E60D9416C0041700C988C9 /* Build configuration list for PBXNativeTarget "Application" */;
			buildPhases = (
				22E60D5F16C0041700C988C9 /* Sources */,
				22E60D6016C0041700C988C9 /* Frameworks */,
				22E60D6116C0041700C988C9 /* Resources */,
				22E60DBF16C006DD00C988C9 /* CopyFiles */,
				22E60E0016C129DC00C988C9 /* CopyFiles */,
			);
			buildRules = (
			);
			dependencies = (
				22E60DFF16C1298600C988C9 /* PBXTargetDependency */,
			);
			name = Application;
			productName = ECPreferencesWindowExample;
			productReference = 22E60D6316C0041700C988C9 /* ECPreferencesWindowExample.app */;
			productType = "com.apple.product-type.application";
		};
		22E60D8216C0041700C988C9 /* Tests */ = {
			isa = PBXNativeTarget;
			buildConfigurationList = 22E60D9716C0041700C988C9 /* Build configuration list for PBXNativeTarget "Tests" */;
			buildPhases = (
				22E60D7E16C0041700C988C9 /* Sources */,
				22E60D7F16C0041700C988C9 /* Frameworks */,
				22E60D8016C0041700C988C9 /* Resources */,
				22E60D8116C0041700C988C9 /* ShellScript */,
			);
			buildRules = (
			);
			dependencies = (
				22E60D8816C0041700C988C9 /* PBXTargetDependency */,
			);
			name = Tests;
			productName = ECPreferencesWindowExampleTests;
			productReference = 22E60D8316C0041700C988C9 /* ECPreferencesWindowExampleTests.octest */;
			productType = "com.apple.product-type.bundle";
		};
		22E60DDE16C1218000C988C9 /* ExampleBundle */ = {
			isa = PBXNativeTarget;
			buildConfigurationList = 22E60DE816C1218000C988C9 /* Build configuration list for PBXNativeTarget "ExampleBundle" */;
			buildPhases = (
				22E60DDB16C1218000C988C9 /* Sources */,
				22E60DDC16C1218000C988C9 /* Frameworks */,
				22E60DDD16C1218000C988C9 /* Resources */,
			);
			buildRules = (
			);
			dependencies = (
			);
			name = ExampleBundle;
			productName = ECPreferencesWindowPluginExample;
			productReference = 22E60DDF16C1218000C988C9 /* ExampleBundle.preferences */;
			productType = "com.apple.product-type.bundle";
		};
/* End PBXNativeTarget section */

/* Begin PBXProject section */
		22E60D5B16C0041700C988C9 /* Project object */ = {
			isa = PBXProject;
			attributes = {
				LastUpgradeCheck = 0460;
				ORGANIZATIONNAME = "Elegant Chaos";
			};
			buildConfigurationList = 22E60D5E16C0041700C988C9 /* Build configuration list for PBXProject "ECPreferencesWindowExample" */;
			compatibilityVersion = "Xcode 3.2";
			developmentRegion = English;
			hasScannedForEncodings = 0;
			knownRegions = (
				en,
			);
			mainGroup = 22E60D5A16C0041700C988C9;
			productRefGroup = 22E60D6416C0041700C988C9 /* Products */;
			projectDirPath = "";
			projectRoot = "";
			targets = (
				22E60D6216C0041700C988C9 /* Application */,
				22E60DDE16C1218000C988C9 /* ExampleBundle */,
				22E60D8216C0041700C988C9 /* Tests */,
			);
		};
/* End PBXProject section */

/* Begin PBXResourcesBuildPhase section */
		22E60D6116C0041700C988C9 /* Resources */ = {
			isa = PBXResourcesBuildPhase;
			buildActionMask = 2147483647;
			files = (
				22E60DA616C0054D00C988C9 /* Debug.xcconfig in Resources */,
				22E60DA716C0054D00C988C9 /* Release.xcconfig in Resources */,
				22E60DB216C0055D00C988C9 /* Credits.rtf in Resources */,
				22E60DB316C0055D00C988C9 /* InfoPlist.strings in Resources */,
				22E60DB416C0055D00C988C9 /* MainMenu.xib in Resources */,
				22E60DCE16C0218C00C988C9 /* ECLogging.plist in Resources */,
				22E60DCF16C0218C00C988C9 /* ECLoggingDebug.plist in Resources */,
				22E60DD116C02E5900C988C9 /* BuiltInPane.xib in Resources */,
				22E60DD316C037DE00C988C9 /* BuiltInPane.tiff in Resources */,
				22E60DD616C03B6700C988C9 /* AnotherPane.tiff in Resources */,
				22E60DD716C03B6700C988C9 /* AnotherPane.xib in Resources */,
			);
			runOnlyForDeploymentPostprocessing = 0;
		};
		22E60D8016C0041700C988C9 /* Resources */ = {
			isa = PBXResourcesBuildPhase;
			buildActionMask = 2147483647;
			files = (
				22E60D8E16C0041700C988C9 /* InfoPlist.strings in Resources */,
			);
			runOnlyForDeploymentPostprocessing = 0;
		};
		22E60DDD16C1218000C988C9 /* Resources */ = {
			isa = PBXResourcesBuildPhase;
			buildActionMask = 2147483647;
			files = (
				22E60DED16C121C800C988C9 /* BundleDebug.xcconfig in Resources */,
				22E60DEE16C121C800C988C9 /* BundleRelease.xcconfig in Resources */,
				22E60E0416C12E8000C988C9 /* BundledPane.tiff in Resources */,
				22E60E0516C12E8000C988C9 /* BundledPane.xib in Resources */,
			);
			runOnlyForDeploymentPostprocessing = 0;
		};
/* End PBXResourcesBuildPhase section */

/* Begin PBXShellScriptBuildPhase section */
		22E60D8116C0041700C988C9 /* ShellScript */ = {
			isa = PBXShellScriptBuildPhase;
			buildActionMask = 2147483647;
			files = (
			);
			inputPaths = (
			);
			outputPaths = (
			);
			runOnlyForDeploymentPostprocessing = 0;
			shellPath = /bin/sh;
			shellScript = "# Run the unit tests in this test bundle.\n\"${SYSTEM_DEVELOPER_DIR}/Tools/RunUnitTests\"\n";
		};
/* End PBXShellScriptBuildPhase section */

/* Begin PBXSourcesBuildPhase section */
		22E60D5F16C0041700C988C9 /* Sources */ = {
			isa = PBXSourcesBuildPhase;
			buildActionMask = 2147483647;
			files = (
				22E60DA516C0054D00C988C9 /* AppDelegate.m in Sources */,
				22E60DA816C0054D00C988C9 /* main.m in Sources */,
				22E60DC816C0104F00C988C9 /* BuiltInPane.m in Sources */,
				22E60DDA16C03B7900C988C9 /* AnotherPane.m in Sources */,
			);
			runOnlyForDeploymentPostprocessing = 0;
		};
		22E60D7E16C0041700C988C9 /* Sources */ = {
			isa = PBXSourcesBuildPhase;
			buildActionMask = 2147483647;
			files = (
				22E60D9116C0041700C988C9 /* ECPreferencesWindowExampleTests.m in Sources */,
			);
			runOnlyForDeploymentPostprocessing = 0;
		};
		22E60DDB16C1218000C988C9 /* Sources */ = {
			isa = PBXSourcesBuildPhase;
			buildActionMask = 2147483647;
			files = (
				22E60DF516C1237B00C988C9 /* ExampleBundle.m in Sources */,
				22E60DF916C1251E00C988C9 /* BundledPane.m in Sources */,
			);
			runOnlyForDeploymentPostprocessing = 0;
		};
/* End PBXSourcesBuildPhase section */

/* Begin PBXTargetDependency section */
		22E60D8816C0041700C988C9 /* PBXTargetDependency */ = {
			isa = PBXTargetDependency;
			target = 22E60D6216C0041700C988C9 /* Application */;
			targetProxy = 22E60D8716C0041700C988C9 /* PBXContainerItemProxy */;
		};
		22E60DFF16C1298600C988C9 /* PBXTargetDependency */ = {
			isa = PBXTargetDependency;
			target = 22E60DDE16C1218000C988C9 /* ExampleBundle */;
			targetProxy = 22E60DFE16C1298600C988C9 /* PBXContainerItemProxy */;
		};
/* End PBXTargetDependency section */

/* Begin PBXVariantGroup section */
		22E60D8C16C0041700C988C9 /* InfoPlist.strings */ = {
			isa = PBXVariantGroup;
			children = (
				22E60D8D16C0041700C988C9 /* en */,
			);
			name = InfoPlist.strings;
			sourceTree = "<group>";
		};
		22E60DAB16C0055D00C988C9 /* Credits.rtf */ = {
			isa = PBXVariantGroup;
			children = (
				22E60DAC16C0055D00C988C9 /* en */,
			);
			name = Credits.rtf;
			sourceTree = "<group>";
		};
		22E60DAD16C0055D00C988C9 /* InfoPlist.strings */ = {
			isa = PBXVariantGroup;
			children = (
				22E60DAE16C0055D00C988C9 /* en */,
			);
			name = InfoPlist.strings;
			sourceTree = "<group>";
		};
		22E60DAF16C0055D00C988C9 /* MainMenu.xib */ = {
			isa = PBXVariantGroup;
			children = (
				22E60DB016C0055D00C988C9 /* en */,
			);
			name = MainMenu.xib;
			sourceTree = "<group>";
		};
/* End PBXVariantGroup section */

/* Begin XCBuildConfiguration section */
		22E60D9216C0041700C988C9 /* Debug */ = {
			isa = XCBuildConfiguration;
			buildSettings = {
			};
			name = Debug;
		};
		22E60D9316C0041700C988C9 /* Release */ = {
			isa = XCBuildConfiguration;
			buildSettings = {
			};
			name = Release;
		};
		22E60D9516C0041700C988C9 /* Debug */ = {
			isa = XCBuildConfiguration;
			baseConfigurationReference = 22E60D9E16C0054D00C988C9 /* Debug.xcconfig */;
			buildSettings = {
				CLANG_WARN_DEPRECATED_OBJC_IMPLEMENTATIONS = YES;
				CLANG_WARN__DUPLICATE_METHOD_MATCH = YES;
				GCC_WARN_MULTIPLE_DEFINITION_TYPES_FOR_SELECTOR = YES;
				GCC_WARN_UNDECLARED_SELECTOR = YES;
				PRODUCT_NAME = "$(TARGET_NAME)";
				WRAPPER_EXTENSION = app;
			};
			name = Debug;
		};
		22E60D9616C0041700C988C9 /* Release */ = {
			isa = XCBuildConfiguration;
			baseConfigurationReference = 22E60D9F16C0054D00C988C9 /* Release.xcconfig */;
			buildSettings = {
				CLANG_WARN_DEPRECATED_OBJC_IMPLEMENTATIONS = YES;
				CLANG_WARN__DUPLICATE_METHOD_MATCH = YES;
				GCC_WARN_MULTIPLE_DEFINITION_TYPES_FOR_SELECTOR = YES;
				GCC_WARN_UNDECLARED_SELECTOR = YES;
				PRODUCT_NAME = "$(TARGET_NAME)";
				WRAPPER_EXTENSION = app;
			};
			name = Release;
		};
		22E60D9816C0041700C988C9 /* Debug */ = {
			isa = XCBuildConfiguration;
			buildSettings = {
				BUNDLE_LOADER = "$(BUILT_PRODUCTS_DIR)/ECPreferencesWindowExample.app/Contents/MacOS/ECPreferencesWindowExample";
				COMBINE_HIDPI_IMAGES = YES;
				FRAMEWORK_SEARCH_PATHS = "\"$(DEVELOPER_LIBRARY_DIR)/Frameworks\"";
				GCC_PRECOMPILE_PREFIX_HEADER = YES;
				GCC_PREFIX_HEADER = "ECPreferencesWindowExample/ECPreferencesWindowExample-Prefix.pch";
				INFOPLIST_FILE = "ECPreferencesWindowExampleTests/ECPreferencesWindowExampleTests-Info.plist";
				PRODUCT_NAME = "$(TARGET_NAME)";
				TEST_HOST = "$(BUNDLE_LOADER)";
				WRAPPER_EXTENSION = octest;
			};
			name = Debug;
		};
		22E60D9916C0041700C988C9 /* Release */ = {
			isa = XCBuildConfiguration;
			buildSettings = {
				BUNDLE_LOADER = "$(BUILT_PRODUCTS_DIR)/ECPreferencesWindowExample.app/Contents/MacOS/ECPreferencesWindowExample";
				COMBINE_HIDPI_IMAGES = YES;
				FRAMEWORK_SEARCH_PATHS = "\"$(DEVELOPER_LIBRARY_DIR)/Frameworks\"";
				GCC_PRECOMPILE_PREFIX_HEADER = YES;
				GCC_PREFIX_HEADER = "ECPreferencesWindowExample/ECPreferencesWindowExample-Prefix.pch";
				INFOPLIST_FILE = "ECPreferencesWindowExampleTests/ECPreferencesWindowExampleTests-Info.plist";
				PRODUCT_NAME = "$(TARGET_NAME)";
				TEST_HOST = "$(BUNDLE_LOADER)";
				WRAPPER_EXTENSION = octest;
			};
			name = Release;
		};
		22E60DE916C1218000C988C9 /* Debug */ = {
			isa = XCBuildConfiguration;
			baseConfigurationReference = 22E60DEB16C121C700C988C9 /* BundleDebug.xcconfig */;
			buildSettings = {
				FRAMEWORK_SEARCH_PATHS = (
					"$(inherited)",
					"\"/Caches/DerivedData/ECIntegration-fbajcwyruhnhxzgnphlhxaexutkp/Build/Products/Debug\"",
				);
				INFOPLIST_FILE = Resources/Bundle.plist;
			};
			name = Debug;
		};
		22E60DEA16C1218000C988C9 /* Release */ = {
			isa = XCBuildConfiguration;
			baseConfigurationReference = 22E60DEC16C121C700C988C9 /* BundleRelease.xcconfig */;
			buildSettings = {
				FRAMEWORK_SEARCH_PATHS = (
					"$(inherited)",
					"\"/Caches/DerivedData/ECIntegration-fbajcwyruhnhxzgnphlhxaexutkp/Build/Products/Debug\"",
				);
				INFOPLIST_FILE = Resources/Bundle.plist;
			};
			name = Release;
		};
/* End XCBuildConfiguration section */

/* Begin XCConfigurationList section */
		22E60D5E16C0041700C988C9 /* Build configuration list for PBXProject "ECPreferencesWindowExample" */ = {
			isa = XCConfigurationList;
			buildConfigurations = (
				22E60D9216C0041700C988C9 /* Debug */,
				22E60D9316C0041700C988C9 /* Release */,
			);
			defaultConfigurationIsVisible = 0;
			defaultConfigurationName = Release;
		};
		22E60D9416C0041700C988C9 /* Build configuration list for PBXNativeTarget "Application" */ = {
			isa = XCConfigurationList;
			buildConfigurations = (
				22E60D9516C0041700C988C9 /* Debug */,
				22E60D9616C0041700C988C9 /* Release */,
			);
			defaultConfigurationIsVisible = 0;
			defaultConfigurationName = Release;
		};
		22E60D9716C0041700C988C9 /* Build configuration list for PBXNativeTarget "Tests" */ = {
			isa = XCConfigurationList;
			buildConfigurations = (
				22E60D9816C0041700C988C9 /* Debug */,
				22E60D9916C0041700C988C9 /* Release */,
			);
			defaultConfigurationIsVisible = 0;
			defaultConfigurationName = Release;
		};
		22E60DE816C1218000C988C9 /* Build configuration list for PBXNativeTarget "ExampleBundle" */ = {
			isa = XCConfigurationList;
			buildConfigurations = (
				22E60DE916C1218000C988C9 /* Debug */,
				22E60DEA16C1218000C988C9 /* Release */,
			);
			defaultConfigurationIsVisible = 0;
			defaultConfigurationName = Release;
		};
/* End XCConfigurationList section */
	};
	rootObject = 22E60D5B16C0041700C988C9 /* Project object */;
}
